
Microsoft Visual Studio Solution File, Format Version 12.00
# Visual Studio Version 16
VisualStudioVersion = 16.0.28407.52
MinimumVisualStudioVersion = 10.0.40219.1
Project("{FAE04EC0-301F-11D3-BF4B-00C04F79EFBC}") = "MyWebApplication", "MyWebApplication\MyWebApplication.csproj", "{012F9E32-EB4F-4F67-A81A-7DD089211E01}"
EndProject
Global
	GlobalSection(SolutionConfigurationPlatforms) = preSolution
		Debug|Any CPU = Debug|Any CPU
		Release|Any CPU = Release|Any CPU
	EndGlobalSection
	GlobalSection(ProjectConfigurationPlatforms) = postSolution
		{012F9E32-EB4F-4F67-A81A-7DD089211E01}.Debug|Any CPU.ActiveCfg = Debug|Any CPU
		{012F9E32-EB4F-4F67-A81A-7DD089211E01}.Debug|Any CPU.Build.0 = Debug|Any CPU
		{012F9E32-EB4F-4F67-A81A-7DD089211E01}.Release|Any CPU.ActiveCfg = Release|Any CPU
		{012F9E32-EB4F-4F67-A81A-7DD089211E01}.Release|Any CPU.Build.0 = Release|Any CPU
	EndGlobalSection
	GlobalSection(SolutionProperties) = preSolution
		HideSolutionNode = FALSE
	EndGlobalSection
	GlobalSection(ExtensibilityGlobals) = postSolution
		SolutionGuid = {6F3C9091-5BA1-4CC8-87E6-5C84EF7D00E0}
	EndGlobalSection
EndGlobal
