
Microsoft Visual Studio Solution File, Format Version 12.00
# Visual Studio Version 16
VisualStudioVersion = 16.0.28407.52
MinimumVisualStudioVersion = 10.0.40219.1
Project("{FAE04EC0-301F-11D3-BF4B-00C04F79EFBC}") = "ConsoleApp1", "ConsoleApp1\ConsoleApp1.csproj", "{58EB5932-173D-4BF5-A86A-603E6E8D0943}"
EndProject
Global
	GlobalSection(SolutionConfigurationPlatforms) = preSolution
		Debug|Any CPU = Debug|Any CPU
		Release|Any CPU = Release|Any CPU
	EndGlobalSection
	GlobalSection(ProjectConfigurationPlatforms) = postSolution
		{58EB5932-173D-4BF5-A86A-603E6E8D0943}.Debug|Any CPU.ActiveCfg = Debug|Any CPU
		{58EB5932-173D-4BF5-A86A-603E6E8D0943}.Debug|Any CPU.Build.0 = Debug|Any CPU
		{58EB5932-173D-4BF5-A86A-603E6E8D0943}.Release|Any CPU.ActiveCfg = Release|Any CPU
		{58EB5932-173D-4BF5-A86A-603E6E8D0943}.Release|Any CPU.Build.0 = Release|Any CPU
	EndGlobalSection
	GlobalSection(SolutionProperties) = preSolution
		HideSolutionNode = FALSE
	EndGlobalSection
	GlobalSection(ExtensibilityGlobals) = postSolution
		SolutionGuid = {49B930E0-B05C-4925-AB76-81F41ABA1E6E}
	EndGlobalSection
EndGlobal
